
Microsoft Visual Studio Solution File, Format Version 12.00
# Visual Studio 15
VisualStudioVersion = 15.0.26124.0
MinimumVisualStudioVersion = 15.0.26124.0
Project("{2150E333-8FDC-42A3-9474-1A3956D46DE8}") = "src", "src", "{F2E0D547-2B5E-4FB1-BF25-CEF62CFF1A4D}"
EndProject
Project("{FAE04EC0-301F-11D3-BF4B-00C04F79EFBC}") = "Application", "src\Application\Application.csproj", "{6BA0A78C-1A2D-4BDB-8825-9B8596FFEC1D}"
EndProject
Project("{FAE04EC0-301F-11D3-BF4B-00C04F79EFBC}") = "Domain", "src\Domain\Domain.csproj", "{3BC72EDA-9583-4E79-A529-D81AD4CF94C9}"
EndProject
Project("{FAE04EC0-301F-11D3-BF4B-00C04F79EFBC}") = "Infrastructure", "src\Infrastructure\Infrastructure.csproj", "{CC6A2A99-8068-43EA-BCDB-CE18ECFAC79B}"
EndProject
Project("{FAE04EC0-301F-11D3-BF4B-00C04F79EFBC}") = "WebAPI", "src\WebAPI\WebAPI.csproj", "{977EF666-8155-42BB-A583-A8E8162B1530}"
EndProject
Project("{FAE04EC0-301F-11D3-BF4B-00C04F79EFBC}") = "ConsoleApp", "src\ConsoleApp\ConsoleApp.csproj", "{8012F2CC-3789-4219-A05D-66F9A76776B9}"
EndProject
Project("{2150E333-8FDC-42A3-9474-1A3956D46DE8}") = "tests", "tests", "{F277187E-40A2-4866-A4A2-6F4AB32F4F38}"
EndProject
Project("{FAE04EC0-301F-11D3-BF4B-00C04F79EFBC}") = "Application.XUnit", "tests\Application.XUnit\Application.XUnit.csproj", "{8AA999FE-2682-40EB-921E-0435A4F23348}"
EndProject
Global
	GlobalSection(SolutionConfigurationPlatforms) = preSolution
		Debug|Any CPU = Debug|Any CPU
		Debug|x64 = Debug|x64
		Debug|x86 = Debug|x86
		Release|Any CPU = Release|Any CPU
		Release|x64 = Release|x64
		Release|x86 = Release|x86
	EndGlobalSection
	GlobalSection(SolutionProperties) = preSolution
		HideSolutionNode = FALSE
	EndGlobalSection
	GlobalSection(ProjectConfigurationPlatforms) = postSolution
		{6BA0A78C-1A2D-4BDB-8825-9B8596FFEC1D}.Debug|Any CPU.ActiveCfg = Debug|Any CPU
		{6BA0A78C-1A2D-4BDB-8825-9B8596FFEC1D}.Debug|Any CPU.Build.0 = Debug|Any CPU
		{6BA0A78C-1A2D-4BDB-8825-9B8596FFEC1D}.Debug|x64.ActiveCfg = Debug|Any CPU
		{6BA0A78C-1A2D-4BDB-8825-9B8596FFEC1D}.Debug|x64.Build.0 = Debug|Any CPU
		{6BA0A78C-1A2D-4BDB-8825-9B8596FFEC1D}.Debug|x86.ActiveCfg = Debug|Any CPU
		{6BA0A78C-1A2D-4BDB-8825-9B8596FFEC1D}.Debug|x86.Build.0 = Debug|Any CPU
		{6BA0A78C-1A2D-4BDB-8825-9B8596FFEC1D}.Release|Any CPU.ActiveCfg = Release|Any CPU
		{6BA0A78C-1A2D-4BDB-8825-9B8596FFEC1D}.Release|Any CPU.Build.0 = Release|Any CPU
		{6BA0A78C-1A2D-4BDB-8825-9B8596FFEC1D}.Release|x64.ActiveCfg = Release|Any CPU
		{6BA0A78C-1A2D-4BDB-8825-9B8596FFEC1D}.Release|x64.Build.0 = Release|Any CPU
		{6BA0A78C-1A2D-4BDB-8825-9B8596FFEC1D}.Release|x86.ActiveCfg = Release|Any CPU
		{6BA0A78C-1A2D-4BDB-8825-9B8596FFEC1D}.Release|x86.Build.0 = Release|Any CPU
		{3BC72EDA-9583-4E79-A529-D81AD4CF94C9}.Debug|Any CPU.ActiveCfg = Debug|Any CPU
		{3BC72EDA-9583-4E79-A529-D81AD4CF94C9}.Debug|Any CPU.Build.0 = Debug|Any CPU
		{3BC72EDA-9583-4E79-A529-D81AD4CF94C9}.Debug|x64.ActiveCfg = Debug|Any CPU
		{3BC72EDA-9583-4E79-A529-D81AD4CF94C9}.Debug|x64.Build.0 = Debug|Any CPU
		{3BC72EDA-9583-4E79-A529-D81AD4CF94C9}.Debug|x86.ActiveCfg = Debug|Any CPU
		{3BC72EDA-9583-4E79-A529-D81AD4CF94C9}.Debug|x86.Build.0 = Debug|Any CPU
		{3BC72EDA-9583-4E79-A529-D81AD4CF94C9}.Release|Any CPU.ActiveCfg = Release|Any CPU
		{3BC72EDA-9583-4E79-A529-D81AD4CF94C9}.Release|Any CPU.Build.0 = Release|Any CPU
		{3BC72EDA-9583-4E79-A529-D81AD4CF94C9}.Release|x64.ActiveCfg = Release|Any CPU
		{3BC72EDA-9583-4E79-A529-D81AD4CF94C9}.Release|x64.Build.0 = Release|Any CPU
		{3BC72EDA-9583-4E79-A529-D81AD4CF94C9}.Release|x86.ActiveCfg = Release|Any CPU
		{3BC72EDA-9583-4E79-A529-D81AD4CF94C9}.Release|x86.Build.0 = Release|Any CPU
		{CC6A2A99-8068-43EA-BCDB-CE18ECFAC79B}.Debug|Any CPU.ActiveCfg = Debug|Any CPU
		{CC6A2A99-8068-43EA-BCDB-CE18ECFAC79B}.Debug|Any CPU.Build.0 = Debug|Any CPU
		{CC6A2A99-8068-43EA-BCDB-CE18ECFAC79B}.Debug|x64.ActiveCfg = Debug|Any CPU
		{CC6A2A99-8068-43EA-BCDB-CE18ECFAC79B}.Debug|x64.Build.0 = Debug|Any CPU
		{CC6A2A99-8068-43EA-BCDB-CE18ECFAC79B}.Debug|x86.ActiveCfg = Debug|Any CPU
		{CC6A2A99-8068-43EA-BCDB-CE18ECFAC79B}.Debug|x86.Build.0 = Debug|Any CPU
		{CC6A2A99-8068-43EA-BCDB-CE18ECFAC79B}.Release|Any CPU.ActiveCfg = Release|Any CPU
		{CC6A2A99-8068-43EA-BCDB-CE18ECFAC79B}.Release|Any CPU.Build.0 = Release|Any CPU
		{CC6A2A99-8068-43EA-BCDB-CE18ECFAC79B}.Release|x64.ActiveCfg = Release|Any CPU
		{CC6A2A99-8068-43EA-BCDB-CE18ECFAC79B}.Release|x64.Build.0 = Release|Any CPU
		{CC6A2A99-8068-43EA-BCDB-CE18ECFAC79B}.Release|x86.ActiveCfg = Release|Any CPU
		{CC6A2A99-8068-43EA-BCDB-CE18ECFAC79B}.Release|x86.Build.0 = Release|Any CPU
		{977EF666-8155-42BB-A583-A8E8162B1530}.Debug|Any CPU.ActiveCfg = Debug|Any CPU
		{977EF666-8155-42BB-A583-A8E8162B1530}.Debug|Any CPU.Build.0 = Debug|Any CPU
		{977EF666-8155-42BB-A583-A8E8162B1530}.Debug|x64.ActiveCfg = Debug|Any CPU
		{977EF666-8155-42BB-A583-A8E8162B1530}.Debug|x64.Build.0 = Debug|Any CPU
		{977EF666-8155-42BB-A583-A8E8162B1530}.Debug|x86.ActiveCfg = Debug|Any CPU
		{977EF666-8155-42BB-A583-A8E8162B1530}.Debug|x86.Build.0 = Debug|Any CPU
		{977EF666-8155-42BB-A583-A8E8162B1530}.Release|Any CPU.ActiveCfg = Release|Any CPU
		{977EF666-8155-42BB-A583-A8E8162B1530}.Release|Any CPU.Build.0 = Release|Any CPU
		{977EF666-8155-42BB-A583-A8E8162B1530}.Release|x64.ActiveCfg = Release|Any CPU
		{977EF666-8155-42BB-A583-A8E8162B1530}.Release|x64.Build.0 = Release|Any CPU
		{977EF666-8155-42BB-A583-A8E8162B1530}.Release|x86.ActiveCfg = Release|Any CPU
		{977EF666-8155-42BB-A583-A8E8162B1530}.Release|x86.Build.0 = Release|Any CPU
		{8012F2CC-3789-4219-A05D-66F9A76776B9}.Debug|Any CPU.ActiveCfg = Debug|Any CPU
		{8012F2CC-3789-4219-A05D-66F9A76776B9}.Debug|Any CPU.Build.0 = Debug|Any CPU
		{8012F2CC-3789-4219-A05D-66F9A76776B9}.Debug|x64.ActiveCfg = Debug|Any CPU
		{8012F2CC-3789-4219-A05D-66F9A76776B9}.Debug|x64.Build.0 = Debug|Any CPU
		{8012F2CC-3789-4219-A05D-66F9A76776B9}.Debug|x86.ActiveCfg = Debug|Any CPU
		{8012F2CC-3789-4219-A05D-66F9A76776B9}.Debug|x86.Build.0 = Debug|Any CPU
		{8012F2CC-3789-4219-A05D-66F9A76776B9}.Release|Any CPU.ActiveCfg = Release|Any CPU
		{8012F2CC-3789-4219-A05D-66F9A76776B9}.Release|Any CPU.Build.0 = Release|Any CPU
		{8012F2CC-3789-4219-A05D-66F9A76776B9}.Release|x64.ActiveCfg = Release|Any CPU
		{8012F2CC-3789-4219-A05D-66F9A76776B9}.Release|x64.Build.0 = Release|Any CPU
		{8012F2CC-3789-4219-A05D-66F9A76776B9}.Release|x86.ActiveCfg = Release|Any CPU
		{8012F2CC-3789-4219-A05D-66F9A76776B9}.Release|x86.Build.0 = Release|Any CPU
		{8AA999FE-2682-40EB-921E-0435A4F23348}.Debug|Any CPU.ActiveCfg = Debug|Any CPU
		{8AA999FE-2682-40EB-921E-0435A4F23348}.Debug|Any CPU.Build.0 = Debug|Any CPU
		{8AA999FE-2682-40EB-921E-0435A4F23348}.Debug|x64.ActiveCfg = Debug|Any CPU
		{8AA999FE-2682-40EB-921E-0435A4F23348}.Debug|x64.Build.0 = Debug|Any CPU
		{8AA999FE-2682-40EB-921E-0435A4F23348}.Debug|x86.ActiveCfg = Debug|Any CPU
		{8AA999FE-2682-40EB-921E-0435A4F23348}.Debug|x86.Build.0 = Debug|Any CPU
		{8AA999FE-2682-40EB-921E-0435A4F23348}.Release|Any CPU.ActiveCfg = Release|Any CPU
		{8AA999FE-2682-40EB-921E-0435A4F23348}.Release|Any CPU.Build.0 = Release|Any CPU
		{8AA999FE-2682-40EB-921E-0435A4F23348}.Release|x64.ActiveCfg = Release|Any CPU
		{8AA999FE-2682-40EB-921E-0435A4F23348}.Release|x64.Build.0 = Release|Any CPU
		{8AA999FE-2682-40EB-921E-0435A4F23348}.Release|x86.ActiveCfg = Release|Any CPU
		{8AA999FE-2682-40EB-921E-0435A4F23348}.Release|x86.Build.0 = Release|Any CPU
	EndGlobalSection
	GlobalSection(NestedProjects) = preSolution
		{6BA0A78C-1A2D-4BDB-8825-9B8596FFEC1D} = {F2E0D547-2B5E-4FB1-BF25-CEF62CFF1A4D}
		{3BC72EDA-9583-4E79-A529-D81AD4CF94C9} = {F2E0D547-2B5E-4FB1-BF25-CEF62CFF1A4D}
		{CC6A2A99-8068-43EA-BCDB-CE18ECFAC79B} = {F2E0D547-2B5E-4FB1-BF25-CEF62CFF1A4D}
		{977EF666-8155-42BB-A583-A8E8162B1530} = {F2E0D547-2B5E-4FB1-BF25-CEF62CFF1A4D}
		{8012F2CC-3789-4219-A05D-66F9A76776B9} = {F2E0D547-2B5E-4FB1-BF25-CEF62CFF1A4D}
		{8AA999FE-2682-40EB-921E-0435A4F23348} = {F277187E-40A2-4866-A4A2-6F4AB32F4F38}
	EndGlobalSection
EndGlobal
